PODS:
  - FDStackView (1.0)
  - Masonry (1.0.2)
  - PScrollContainer (0.0.4):
    - FDStackView
    - Masonry
  - Reveal-SDK (8)

DEPENDENCIES:
  - PScrollContainer
  - Reveal-SDK

SPEC CHECKSUMS:
  FDStackView: 3a4bbe0ce9c35e974246a585168b9da8c32213f1
  Masonry: 7c429b56da9d4ee0bbb3ed77a5ea710d6a5df39e
  PScrollContainer: 08968ff285c4a0cadbbbecd442a0b4d905b050d7
  Reveal-SDK: 43be4e662864e937960d0d04d005135e29c4e53b

PODFILE CHECKSUM: 6e9002ae6735514c2deeaafa3b4701419fe437cc

COCOAPODS: 1.2.1
